
Microsoft Visual Studio Solution File, Format Version 12.00
# Visual Studio Version 17
VisualStudioVersion = 17.1.32210.238
MinimumVisualStudioVersion = 10.0.40219.1
Project("{9A19103F-16F7-4668-BE54-9A1E7A4F7556}") = "Proyectofinal", "Proyectofinal\Proyectofinal.csproj", "{8DE8C613-89D3-4B40-86D9-1C4BDB9657AF}"
EndProject
Global
	GlobalSection(SolutionConfigurationPlatforms) = preSolution
		Debug|Any CPU = Debug|Any CPU
		Release|Any CPU = Release|Any CPU
	EndGlobalSection
	GlobalSection(ProjectConfigurationPlatforms) = postSolution
		{8DE8C613-89D3-4B40-86D9-1C4BDB9657AF}.Debug|Any CPU.ActiveCfg = Debug|Any CPU
		{8DE8C613-89D3-4B40-86D9-1C4BDB9657AF}.Debug|Any CPU.Build.0 = Debug|Any CPU
		{8DE8C613-89D3-4B40-86D9-1C4BDB9657AF}.Release|Any CPU.ActiveCfg = Release|Any CPU
		{8DE8C613-89D3-4B40-86D9-1C4BDB9657AF}.Release|Any CPU.Build.0 = Release|Any CPU
	EndGlobalSection
	GlobalSection(SolutionProperties) = preSolution
		HideSolutionNode = FALSE
	EndGlobalSection
	GlobalSection(ExtensibilityGlobals) = postSolution
		SolutionGuid = {05EE55CA-4972-4250-8D56-2FA840C23A74}
	EndGlobalSection
EndGlobal
